
Microsoft Visual Studio Solution File, Format Version 12.00
# Visual Studio Version 17
VisualStudioVersion = 17.1.32421.90
MinimumVisualStudioVersion = 10.0.40219.1
Project("{9A19103F-16F7-4668-BE54-9A1E7A4F7556}") = "AmeliAPI", "AmeliAPI\AmeliAPI.csproj", "{21C5D610-21DC-4FC5-A9AB-C50EB5BAFAA0}"
EndProject
Project("{9A19103F-16F7-4668-BE54-9A1E7A4F7556}") = "ModelBase", "ModelBase\ModelBase.csproj", "{4A17558F-A774-4597-8610-C61BCFAA3642}"
EndProject
Project("{9A19103F-16F7-4668-BE54-9A1E7A4F7556}") = "DAL", "DAL\DAL.csproj", "{013C5D79-D2D7-4575-936C-1E6B3798FDB6}"
EndProject
Project("{9A19103F-16F7-4668-BE54-9A1E7A4F7556}") = "DAL.SQLite", "DAL.SQLite\DAL.SQLite.csproj", "{A8194843-D461-4EF4-97D1-8CF3ADBD7EE4}"
EndProject
Project("{2150E333-8FDC-42A3-9474-1A3956D46DE8}") = "UserManagment", "UserManagment", "{59C4CE0F-F692-4B1B-9599-AC89E6B69840}"
EndProject
Project("{9A19103F-16F7-4668-BE54-9A1E7A4F7556}") = "AmeliAPI.UserManagement.DAL.SQLite", "UserManagement\AmeliAPI.UserManagement.DAL.SQLite\AmeliAPI.UserManagement.DAL.SQLite.csproj", "{BD1791A7-0450-4830-B22A-15B254F9BBEC}"
EndProject
Project("{9A19103F-16F7-4668-BE54-9A1E7A4F7556}") = "AmeliAPI.UserManagement.MigrationBuilder", "UserManagement\AmeliAPI.UserManagement.MigrationBuilder\AmeliAPI.UserManagement.MigrationBuilder.csproj", "{A5499AE8-D638-4E64-A72A-936E541E5FE1}"
EndProject
Project("{9A19103F-16F7-4668-BE54-9A1E7A4F7556}") = "AmeliAPI.UserManagement.Model", "UserManagement\AmeliAPI.UserManagement.Model\AmeliAPI.UserManagement.Model.csproj", "{06C1F44D-90B9-42C5-A220-8BAD0786B4CC}"
EndProject
Project("{9A19103F-16F7-4668-BE54-9A1E7A4F7556}") = "AmeliAPI.UserManagement", "UserManagement\AmeliAPI.UserManagement\AmeliAPI.UserManagement.csproj", "{42067FB6-4DE2-46CC-9322-DA58CA2660E2}"
EndProject
Project("{2150E333-8FDC-42A3-9474-1A3956D46DE8}") = "Movies", "Movies", "{56839FAE-0150-45E5-AE6D-F8EC99F504F1}"
EndProject
Project("{9A19103F-16F7-4668-BE54-9A1E7A4F7556}") = "AmeliAPI.Movies", "Movies\AmeliAPI.Movies\AmeliAPI.Movies.csproj", "{1506657B-EEED-49E4-BD59-60C27E45D02F}"
EndProject
Project("{9A19103F-16F7-4668-BE54-9A1E7A4F7556}") = "AmeliAPI.Movies.DAL", "Movies\AmeliAPI.Movies.DAL\AmeliAPI.Movies.DAL.csproj", "{D59A205D-71A2-45C6-8D44-7077E05AA407}"
EndProject
Project("{9A19103F-16F7-4668-BE54-9A1E7A4F7556}") = "AmeliAPI.Movies.DAL.SQLite", "Movies\AmeliAPI.Movies.DAL.SQLite\AmeliAPI.Movies.DAL.SQLite.csproj", "{D5C1745F-465A-43DF-894B-49780F99E02F}"
EndProject
Project("{9A19103F-16F7-4668-BE54-9A1E7A4F7556}") = "AmeliAPI.Movies.MigrationBuilder", "Movies\AmeliAPI.Movies.MigrationBuilder\AmeliAPI.Movies.MigrationBuilder.csproj", "{00702E85-AE4F-41F8-B47E-ADF4B88E8F90}"
EndProject
Project("{9A19103F-16F7-4668-BE54-9A1E7A4F7556}") = "AmeliAPI.Movies.Model", "Movies\AmeliAPI.Movies.Model\AmeliAPI.Movies.Model.csproj", "{E1B74FA7-749F-43CE-A950-20B7DF3DCAE9}"
EndProject
Project("{9A19103F-16F7-4668-BE54-9A1E7A4F7556}") = "AmeliAPI.UserManagement.DAL", "UserManagement\AmeliAPI.UserManagement.DAL\AmeliAPI.UserManagement.DAL.csproj", "{0B2A0ED2-DE2C-4834-9FE9-C44E8CE5A0AC}"
EndProject
Global
	GlobalSection(SolutionConfigurationPlatforms) = preSolution
		Debug|Any CPU = Debug|Any CPU
		Release|Any CPU = Release|Any CPU
	EndGlobalSection
	GlobalSection(ProjectConfigurationPlatforms) = postSolution
		{21C5D610-21DC-4FC5-A9AB-C50EB5BAFAA0}.Debug|Any CPU.ActiveCfg = Debug|Any CPU
		{21C5D610-21DC-4FC5-A9AB-C50EB5BAFAA0}.Debug|Any CPU.Build.0 = Debug|Any CPU
		{21C5D610-21DC-4FC5-A9AB-C50EB5BAFAA0}.Release|Any CPU.ActiveCfg = Release|Any CPU
		{21C5D610-21DC-4FC5-A9AB-C50EB5BAFAA0}.Release|Any CPU.Build.0 = Release|Any CPU
		{4A17558F-A774-4597-8610-C61BCFAA3642}.Debug|Any CPU.ActiveCfg = Debug|Any CPU
		{4A17558F-A774-4597-8610-C61BCFAA3642}.Debug|Any CPU.Build.0 = Debug|Any CPU
		{4A17558F-A774-4597-8610-C61BCFAA3642}.Release|Any CPU.ActiveCfg = Release|Any CPU
		{4A17558F-A774-4597-8610-C61BCFAA3642}.Release|Any CPU.Build.0 = Release|Any CPU
		{013C5D79-D2D7-4575-936C-1E6B3798FDB6}.Debug|Any CPU.ActiveCfg = Debug|Any CPU
		{013C5D79-D2D7-4575-936C-1E6B3798FDB6}.Debug|Any CPU.Build.0 = Debug|Any CPU
		{013C5D79-D2D7-4575-936C-1E6B3798FDB6}.Release|Any CPU.ActiveCfg = Release|Any CPU
		{013C5D79-D2D7-4575-936C-1E6B3798FDB6}.Release|Any CPU.Build.0 = Release|Any CPU
		{A8194843-D461-4EF4-97D1-8CF3ADBD7EE4}.Debug|Any CPU.ActiveCfg = Debug|Any CPU
		{A8194843-D461-4EF4-97D1-8CF3ADBD7EE4}.Debug|Any CPU.Build.0 = Debug|Any CPU
		{A8194843-D461-4EF4-97D1-8CF3ADBD7EE4}.Release|Any CPU.ActiveCfg = Release|Any CPU
		{A8194843-D461-4EF4-97D1-8CF3ADBD7EE4}.Release|Any CPU.Build.0 = Release|Any CPU
		{BD1791A7-0450-4830-B22A-15B254F9BBEC}.Debug|Any CPU.ActiveCfg = Debug|Any CPU
		{BD1791A7-0450-4830-B22A-15B254F9BBEC}.Debug|Any CPU.Build.0 = Debug|Any CPU
		{BD1791A7-0450-4830-B22A-15B254F9BBEC}.Release|Any CPU.ActiveCfg = Release|Any CPU
		{BD1791A7-0450-4830-B22A-15B254F9BBEC}.Release|Any CPU.Build.0 = Release|Any CPU
		{A5499AE8-D638-4E64-A72A-936E541E5FE1}.Debug|Any CPU.ActiveCfg = Debug|Any CPU
		{A5499AE8-D638-4E64-A72A-936E541E5FE1}.Debug|Any CPU.Build.0 = Debug|Any CPU
		{A5499AE8-D638-4E64-A72A-936E541E5FE1}.Release|Any CPU.ActiveCfg = Release|Any CPU
		{A5499AE8-D638-4E64-A72A-936E541E5FE1}.Release|Any CPU.Build.0 = Release|Any CPU
		{06C1F44D-90B9-42C5-A220-8BAD0786B4CC}.Debug|Any CPU.ActiveCfg = Debug|Any CPU
		{06C1F44D-90B9-42C5-A220-8BAD0786B4CC}.Debug|Any CPU.Build.0 = Debug|Any CPU
		{06C1F44D-90B9-42C5-A220-8BAD0786B4CC}.Release|Any CPU.ActiveCfg = Release|Any CPU
		{06C1F44D-90B9-42C5-A220-8BAD0786B4CC}.Release|Any CPU.Build.0 = Release|Any CPU
		{42067FB6-4DE2-46CC-9322-DA58CA2660E2}.Debug|Any CPU.ActiveCfg = Debug|Any CPU
		{42067FB6-4DE2-46CC-9322-DA58CA2660E2}.Debug|Any CPU.Build.0 = Debug|Any CPU
		{42067FB6-4DE2-46CC-9322-DA58CA2660E2}.Release|Any CPU.ActiveCfg = Release|Any CPU
		{42067FB6-4DE2-46CC-9322-DA58CA2660E2}.Release|Any CPU.Build.0 = Release|Any CPU
		{1506657B-EEED-49E4-BD59-60C27E45D02F}.Debug|Any CPU.ActiveCfg = Debug|Any CPU
		{1506657B-EEED-49E4-BD59-60C27E45D02F}.Debug|Any CPU.Build.0 = Debug|Any CPU
		{1506657B-EEED-49E4-BD59-60C27E45D02F}.Release|Any CPU.ActiveCfg = Release|Any CPU
		{1506657B-EEED-49E4-BD59-60C27E45D02F}.Release|Any CPU.Build.0 = Release|Any CPU
		{D59A205D-71A2-45C6-8D44-7077E05AA407}.Debug|Any CPU.ActiveCfg = Debug|Any CPU
		{D59A205D-71A2-45C6-8D44-7077E05AA407}.Debug|Any CPU.Build.0 = Debug|Any CPU
		{D59A205D-71A2-45C6-8D44-7077E05AA407}.Release|Any CPU.ActiveCfg = Release|Any CPU
		{D59A205D-71A2-45C6-8D44-7077E05AA407}.Release|Any CPU.Build.0 = Release|Any CPU
		{D5C1745F-465A-43DF-894B-49780F99E02F}.Debug|Any CPU.ActiveCfg = Debug|Any CPU
		{D5C1745F-465A-43DF-894B-49780F99E02F}.Debug|Any CPU.Build.0 = Debug|Any CPU
		{D5C1745F-465A-43DF-894B-49780F99E02F}.Release|Any CPU.ActiveCfg = Release|Any CPU
		{D5C1745F-465A-43DF-894B-49780F99E02F}.Release|Any CPU.Build.0 = Release|Any CPU
		{00702E85-AE4F-41F8-B47E-ADF4B88E8F90}.Debug|Any CPU.ActiveCfg = Debug|Any CPU
		{00702E85-AE4F-41F8-B47E-ADF4B88E8F90}.Debug|Any CPU.Build.0 = Debug|Any CPU
		{00702E85-AE4F-41F8-B47E-ADF4B88E8F90}.Release|Any CPU.ActiveCfg = Release|Any CPU
		{00702E85-AE4F-41F8-B47E-ADF4B88E8F90}.Release|Any CPU.Build.0 = Release|Any CPU
		{E1B74FA7-749F-43CE-A950-20B7DF3DCAE9}.Debug|Any CPU.ActiveCfg = Debug|Any CPU
		{E1B74FA7-749F-43CE-A950-20B7DF3DCAE9}.Debug|Any CPU.Build.0 = Debug|Any CPU
		{E1B74FA7-749F-43CE-A950-20B7DF3DCAE9}.Release|Any CPU.ActiveCfg = Release|Any CPU
		{E1B74FA7-749F-43CE-A950-20B7DF3DCAE9}.Release|Any CPU.Build.0 = Release|Any CPU
		{0B2A0ED2-DE2C-4834-9FE9-C44E8CE5A0AC}.Debug|Any CPU.ActiveCfg = Debug|Any CPU
		{0B2A0ED2-DE2C-4834-9FE9-C44E8CE5A0AC}.Debug|Any CPU.Build.0 = Debug|Any CPU
		{0B2A0ED2-DE2C-4834-9FE9-C44E8CE5A0AC}.Release|Any CPU.ActiveCfg = Release|Any CPU
		{0B2A0ED2-DE2C-4834-9FE9-C44E8CE5A0AC}.Release|Any CPU.Build.0 = Release|Any CPU
	EndGlobalSection
	GlobalSection(SolutionProperties) = preSolution
		HideSolutionNode = FALSE
	EndGlobalSection
	GlobalSection(NestedProjects) = preSolution
		{BD1791A7-0450-4830-B22A-15B254F9BBEC} = {59C4CE0F-F692-4B1B-9599-AC89E6B69840}
		{A5499AE8-D638-4E64-A72A-936E541E5FE1} = {59C4CE0F-F692-4B1B-9599-AC89E6B69840}
		{06C1F44D-90B9-42C5-A220-8BAD0786B4CC} = {59C4CE0F-F692-4B1B-9599-AC89E6B69840}
		{42067FB6-4DE2-46CC-9322-DA58CA2660E2} = {59C4CE0F-F692-4B1B-9599-AC89E6B69840}
		{1506657B-EEED-49E4-BD59-60C27E45D02F} = {56839FAE-0150-45E5-AE6D-F8EC99F504F1}
		{D59A205D-71A2-45C6-8D44-7077E05AA407} = {56839FAE-0150-45E5-AE6D-F8EC99F504F1}
		{D5C1745F-465A-43DF-894B-49780F99E02F} = {56839FAE-0150-45E5-AE6D-F8EC99F504F1}
		{00702E85-AE4F-41F8-B47E-ADF4B88E8F90} = {56839FAE-0150-45E5-AE6D-F8EC99F504F1}
		{E1B74FA7-749F-43CE-A950-20B7DF3DCAE9} = {56839FAE-0150-45E5-AE6D-F8EC99F504F1}
		{0B2A0ED2-DE2C-4834-9FE9-C44E8CE5A0AC} = {59C4CE0F-F692-4B1B-9599-AC89E6B69840}
	EndGlobalSection
	GlobalSection(ExtensibilityGlobals) = postSolution
		SolutionGuid = {4BA46C80-EC45-45E3-A811-4D828C1295E7}
	EndGlobalSection
EndGlobal
